
Microsoft Visual Studio Solution File, Format Version 12.00
# Visual Studio Version 17
VisualStudioVersion = 17.14.36623.8
MinimumVisualStudioVersion = 10.0.40219.1
Project("{FAE04EC0-301F-11D3-BF4B-00C04F79EFBC}") = "ProxyCore", "ProxyCore\ProxyCore.csproj", "{1AC0F76A-6414-4620-9218-C42BB3E81895}"
EndProject
Project("{FAE04EC0-301F-11D3-BF4B-00C04F79EFBC}") = "ProxyHost", "ProxyHost\ProxyHost.csproj", "{BE3BE058-872F-47E8-8E80-8F299E970BB3}"
EndProject
Project("{FAE04EC0-301F-11D3-BF4B-00C04F79EFBC}") = "Routing", "Routing\Routing.csproj", "{93D7FCEE-C7FC-4C93-B2BF-FD3A6C24097A}"
EndProject
Project("{FAE04EC0-301F-11D3-BF4B-00C04F79EFBC}") = "ConsoleClient", "ConsoleClient\ConsoleClient.csproj", "{AE3830CA-4F20-49B5-830D-BDF50A1BAAC7}"
EndProject
Project("{FAE04EC0-301F-11D3-BF4B-00C04F79EFBC}") = "RoutingHost", "RoutingHost\RoutingHost.csproj", "{F2343AF7-E2C9-43C3-BB2C-62B06E36FDEC}"
EndProject
Global
	GlobalSection(SolutionConfigurationPlatforms) = preSolution
		Debug|Any CPU = Debug|Any CPU
		Release|Any CPU = Release|Any CPU
	EndGlobalSection
	GlobalSection(ProjectConfigurationPlatforms) = postSolution
		{1AC0F76A-6414-4620-9218-C42BB3E81895}.Debug|Any CPU.ActiveCfg = Debug|Any CPU
		{1AC0F76A-6414-4620-9218-C42BB3E81895}.Debug|Any CPU.Build.0 = Debug|Any CPU
		{1AC0F76A-6414-4620-9218-C42BB3E81895}.Release|Any CPU.ActiveCfg = Release|Any CPU
		{1AC0F76A-6414-4620-9218-C42BB3E81895}.Release|Any CPU.Build.0 = Release|Any CPU
		{BE3BE058-872F-47E8-8E80-8F299E970BB3}.Debug|Any CPU.ActiveCfg = Debug|Any CPU
		{BE3BE058-872F-47E8-8E80-8F299E970BB3}.Debug|Any CPU.Build.0 = Debug|Any CPU
		{BE3BE058-872F-47E8-8E80-8F299E970BB3}.Release|Any CPU.ActiveCfg = Release|Any CPU
		{BE3BE058-872F-47E8-8E80-8F299E970BB3}.Release|Any CPU.Build.0 = Release|Any CPU
		{93D7FCEE-C7FC-4C93-B2BF-FD3A6C24097A}.Debug|Any CPU.ActiveCfg = Debug|Any CPU
		{93D7FCEE-C7FC-4C93-B2BF-FD3A6C24097A}.Debug|Any CPU.Build.0 = Debug|Any CPU
		{93D7FCEE-C7FC-4C93-B2BF-FD3A6C24097A}.Release|Any CPU.ActiveCfg = Release|Any CPU
		{93D7FCEE-C7FC-4C93-B2BF-FD3A6C24097A}.Release|Any CPU.Build.0 = Release|Any CPU
		{AE3830CA-4F20-49B5-830D-BDF50A1BAAC7}.Debug|Any CPU.ActiveCfg = Debug|Any CPU
		{AE3830CA-4F20-49B5-830D-BDF50A1BAAC7}.Debug|Any CPU.Build.0 = Debug|Any CPU
		{AE3830CA-4F20-49B5-830D-BDF50A1BAAC7}.Release|Any CPU.ActiveCfg = Release|Any CPU
		{AE3830CA-4F20-49B5-830D-BDF50A1BAAC7}.Release|Any CPU.Build.0 = Release|Any CPU
		{F2343AF7-E2C9-43C3-BB2C-62B06E36FDEC}.Debug|Any CPU.ActiveCfg = Debug|Any CPU
		{F2343AF7-E2C9-43C3-BB2C-62B06E36FDEC}.Debug|Any CPU.Build.0 = Debug|Any CPU
		{F2343AF7-E2C9-43C3-BB2C-62B06E36FDEC}.Release|Any CPU.ActiveCfg = Release|Any CPU
		{F2343AF7-E2C9-43C3-BB2C-62B06E36FDEC}.Release|Any CPU.Build.0 = Release|Any CPU
	EndGlobalSection
	GlobalSection(SolutionProperties) = preSolution
		HideSolutionNode = FALSE
	EndGlobalSection
	GlobalSection(ExtensibilityGlobals) = postSolution
		SolutionGuid = {1AC5D874-2CF9-484B-8E5B-7B1DA2A87898}
	EndGlobalSection
EndGlobal
