
Microsoft Visual Studio Solution File, Format Version 12.00
# Visual Studio Version 17
VisualStudioVersion = 17.14.36623.8 d17.14
MinimumVisualStudioVersion = 10.0.40219.1
Project("{FAE04EC0-301F-11D3-BF4B-00C04F79EFBC}") = "RoutingService", "RoutingService\RoutingService.csproj", "{AC06F4DD-A2BC-40C4-99AC-C154EB48115A}"
EndProject
Global
	GlobalSection(SolutionConfigurationPlatforms) = preSolution
		Debug|Any CPU = Debug|Any CPU
		Release|Any CPU = Release|Any CPU
	EndGlobalSection
	GlobalSection(ProjectConfigurationPlatforms) = postSolution
		{AC06F4DD-A2BC-40C4-99AC-C154EB48115A}.Debug|Any CPU.ActiveCfg = Debug|Any CPU
		{AC06F4DD-A2BC-40C4-99AC-C154EB48115A}.Debug|Any CPU.Build.0 = Debug|Any CPU
		{AC06F4DD-A2BC-40C4-99AC-C154EB48115A}.Release|Any CPU.ActiveCfg = Release|Any CPU
		{AC06F4DD-A2BC-40C4-99AC-C154EB48115A}.Release|Any CPU.Build.0 = Release|Any CPU
	EndGlobalSection
	GlobalSection(SolutionProperties) = preSolution
		HideSolutionNode = FALSE
	EndGlobalSection
	GlobalSection(ExtensibilityGlobals) = postSolution
		SolutionGuid = {72820C18-87C6-442C-8AC8-8B7DCAF71ABE}
	EndGlobalSection
EndGlobal
